
Microsoft Visual Studio Solution File, Format Version 12.00
# Visual Studio 15
VisualStudioVersion = 15.0.27703.2042
MinimumVisualStudioVersion = 10.0.40219.1
Project("{FAE04EC0-301F-11D3-BF4B-00C04F79EFBC}") = "InvoiceTranslator", "InvoiceTransltor\InvoiceTranslator.csproj", "{3FD39106-DB1A-47E4-A165-B99885AAF351}"
EndProject
Global
	GlobalSection(SolutionConfigurationPlatforms) = preSolution
		Debug|Any CPU = Debug|Any CPU
		Release|Any CPU = Release|Any CPU
	EndGlobalSection
	GlobalSection(ProjectConfigurationPlatforms) = postSolution
		{3FD39106-DB1A-47E4-A165-B99885AAF351}.Debug|Any CPU.ActiveCfg = Debug|Any CPU
		{3FD39106-DB1A-47E4-A165-B99885AAF351}.Debug|Any CPU.Build.0 = Debug|Any CPU
		{3FD39106-DB1A-47E4-A165-B99885AAF351}.Release|Any CPU.ActiveCfg = Release|Any CPU
		{3FD39106-DB1A-47E4-A165-B99885AAF351}.Release|Any CPU.Build.0 = Release|Any CPU
	EndGlobalSection
	GlobalSection(SolutionProperties) = preSolution
		HideSolutionNode = FALSE
	EndGlobalSection
	GlobalSection(ExtensibilityGlobals) = postSolution
		SolutionGuid = {60192DC4-8561-41C3-80DD-D0594E9352B9}
	EndGlobalSection
EndGlobal
